
Microsoft Visual Studio Solution File, Format Version 12.00
# Visual Studio Version 17
VisualStudioVersion = 17.4.33213.308
MinimumVisualStudioVersion = 10.0.40219.1
Project("{FAE04EC0-301F-11D3-BF4B-00C04F79EFBC}") = "App_Banco_Digital.Android", "App_Banco_Digital\App_Banco_Digital.Android\App_Banco_Digital.Android.csproj", "{06E196BB-493B-4078-94A3-8E58C6C71E52}"
EndProject
Project("{FAE04EC0-301F-11D3-BF4B-00C04F79EFBC}") = "App_Banco_Digital", "App_Banco_Digital\App_Banco_Digital\App_Banco_Digital.csproj", "{AC12A439-6E41-4589-B29F-0548710ED266}"
EndProject
Global
	GlobalSection(SolutionConfigurationPlatforms) = preSolution
		Debug|Any CPU = Debug|Any CPU
		Release|Any CPU = Release|Any CPU
	EndGlobalSection
	GlobalSection(ProjectConfigurationPlatforms) = postSolution
		{06E196BB-493B-4078-94A3-8E58C6C71E52}.Debug|Any CPU.ActiveCfg = Debug|Any CPU
		{06E196BB-493B-4078-94A3-8E58C6C71E52}.Debug|Any CPU.Build.0 = Debug|Any CPU
		{06E196BB-493B-4078-94A3-8E58C6C71E52}.Debug|Any CPU.Deploy.0 = Debug|Any CPU
		{06E196BB-493B-4078-94A3-8E58C6C71E52}.Release|Any CPU.ActiveCfg = Release|Any CPU
		{06E196BB-493B-4078-94A3-8E58C6C71E52}.Release|Any CPU.Build.0 = Release|Any CPU
		{06E196BB-493B-4078-94A3-8E58C6C71E52}.Release|Any CPU.Deploy.0 = Release|Any CPU
		{AC12A439-6E41-4589-B29F-0548710ED266}.Debug|Any CPU.ActiveCfg = Debug|Any CPU
		{AC12A439-6E41-4589-B29F-0548710ED266}.Debug|Any CPU.Build.0 = Debug|Any CPU
		{AC12A439-6E41-4589-B29F-0548710ED266}.Debug|Any CPU.Deploy.0 = Debug|Any CPU
		{AC12A439-6E41-4589-B29F-0548710ED266}.Release|Any CPU.ActiveCfg = Release|Any CPU
		{AC12A439-6E41-4589-B29F-0548710ED266}.Release|Any CPU.Build.0 = Release|Any CPU
		{AC12A439-6E41-4589-B29F-0548710ED266}.Release|Any CPU.Deploy.0 = Release|Any CPU
	EndGlobalSection
	GlobalSection(SolutionProperties) = preSolution
		HideSolutionNode = FALSE
	EndGlobalSection
	GlobalSection(ExtensibilityGlobals) = postSolution
		SolutionGuid = {5506403F-18C7-4987-B11B-16017BBA8FDF}
	EndGlobalSection
EndGlobal
